
Microsoft Visual Studio Solution File, Format Version 12.00
# Visual Studio Version 16
VisualStudioVersion = 16.0.31313.79
MinimumVisualStudioVersion = 10.0.40219.1
Project("{2150E333-8FDC-42A3-9474-1A3956D46DE8}") = "FrontEnd", "FrontEnd", "{D63B4A57-88AB-43D9-961D-CC3AA6560C8E}"
EndProject
Project("{2150E333-8FDC-42A3-9474-1A3956D46DE8}") = "BackEnd", "BackEnd", "{41C98AFB-E6FC-4CF6-A334-166DAE0DC085}"
EndProject
Project("{2150E333-8FDC-42A3-9474-1A3956D46DE8}") = "SolutionFiles", "SolutionFiles", "{5FA7DE74-5ACB-4ABC-B4C1-8470D563C305}"
EndProject
Project("{9A19103F-16F7-4668-BE54-9A1E7A4F7556}") = "EmployeeApi", "BackEnd\EmployeeApi\EmployeeApi.csproj", "{CF2DB9BA-A1B3-4E8B-AE42-87B7B6173736}"
EndProject
Project("{9A19103F-16F7-4668-BE54-9A1E7A4F7556}") = "HR-UI-MVC", "FrontEnd\HR-UI-MVC\HR-UI-MVC.csproj", "{DAE6022F-B7BE-4820-ADB8-091ADABE5D92}"
EndProject
Global
	GlobalSection(SolutionConfigurationPlatforms) = preSolution
		Debug|Any CPU = Debug|Any CPU
		Release|Any CPU = Release|Any CPU
	EndGlobalSection
	GlobalSection(ProjectConfigurationPlatforms) = postSolution
		{CF2DB9BA-A1B3-4E8B-AE42-87B7B6173736}.Debug|Any CPU.ActiveCfg = Debug|Any CPU
		{CF2DB9BA-A1B3-4E8B-AE42-87B7B6173736}.Debug|Any CPU.Build.0 = Debug|Any CPU
		{CF2DB9BA-A1B3-4E8B-AE42-87B7B6173736}.Release|Any CPU.ActiveCfg = Release|Any CPU
		{CF2DB9BA-A1B3-4E8B-AE42-87B7B6173736}.Release|Any CPU.Build.0 = Release|Any CPU
		{DAE6022F-B7BE-4820-ADB8-091ADABE5D92}.Debug|Any CPU.ActiveCfg = Debug|Any CPU
		{DAE6022F-B7BE-4820-ADB8-091ADABE5D92}.Debug|Any CPU.Build.0 = Debug|Any CPU
		{DAE6022F-B7BE-4820-ADB8-091ADABE5D92}.Release|Any CPU.ActiveCfg = Release|Any CPU
		{DAE6022F-B7BE-4820-ADB8-091ADABE5D92}.Release|Any CPU.Build.0 = Release|Any CPU
	EndGlobalSection
	GlobalSection(SolutionProperties) = preSolution
		HideSolutionNode = FALSE
	EndGlobalSection
	GlobalSection(NestedProjects) = preSolution
		{CF2DB9BA-A1B3-4E8B-AE42-87B7B6173736} = {41C98AFB-E6FC-4CF6-A334-166DAE0DC085}
		{DAE6022F-B7BE-4820-ADB8-091ADABE5D92} = {D63B4A57-88AB-43D9-961D-CC3AA6560C8E}
	EndGlobalSection
	GlobalSection(ExtensibilityGlobals) = postSolution
		SolutionGuid = {1749528E-EA58-449D-830B-8537E782ADC9}
	EndGlobalSection
EndGlobal
